// !$*UTF8*$!
{
	archiveVersion = 1;
	classes = {
	};
	objectVersion = 50;
	objects = {

/* Begin PBXBuildFile section */
		34FE38482214A99D00B29CDF /* AppDelegate.swift in Sources */ = {isa = PBXBuildFile; fileRef = 34FE38472214A99D00B29CDF /* AppDelegate.swift */; };
		34FE384A2214A99D00B29CDF /* ViewController.swift in Sources */ = {isa = PBXBuildFile; fileRef = 34FE38492214A99D00B29CDF /* ViewController.swift */; };
		34FE384D2214A99D00B29CDF /* Main.storyboard in Resources */ = {isa = PBXBuildFile; fileRef = 34FE384B2214A99D00B29CDF /* Main.storyboard */; };
		34FE384F2214A99F00B29CDF /* Assets.xcassets in Resources */ = {isa = PBXBuildFile; fileRef = 34FE384E2214A99F00B29CDF /* Assets.xcassets */; };
		34FE38522214A99F00B29CDF /* LaunchScreen.storyboard in Resources */ = {isa = PBXBuildFile; fileRef = 34FE38502214A99F00B29CDF /* LaunchScreen.storyboard */; };
		34FE385D2214A99F00B29CDF /* Business_ClubTests.swift in Sources */ = {isa = PBXBuildFile; fileRef = 34FE385C2214A99F00B29CDF /* Business_ClubTests.swift */; };
		34FE38692214AB4900B29CDF /* Company.swift in Sources */ = {isa = PBXBuildFile; fileRef = 34FE38682214AB4900B29CDF /* Company.swift */; };
		34FE386B2214AC1400B29CDF /* Member.swift in Sources */ = {isa = PBXBuildFile; fileRef = 34FE386A2214AC1400B29CDF /* Member.swift */; };
		34FE386E2214B1F900B29CDF /* APIProtocol.swift in Sources */ = {isa = PBXBuildFile; fileRef = 34FE386D2214B1F900B29CDF /* APIProtocol.swift */; };
		34FE38702214B29B00B29CDF /* BusinessClubAPI.swift in Sources */ = {isa = PBXBuildFile; fileRef = 34FE386F2214B29B00B29CDF /* BusinessClubAPI.swift */; };
		34FE38742214B50100B29CDF /* NetworkManager.swift in Sources */ = {isa = PBXBuildFile; fileRef = 34FE38732214B50100B29CDF /* NetworkManager.swift */; };
		34FE38772216261300B29CDF /* CompaniesViewController.swift in Sources */ = {isa = PBXBuildFile; fileRef = 34FE38762216261300B29CDF /* CompaniesViewController.swift */; };
		34FE387A221628E500B29CDF /* CompanyTableViewCell.swift in Sources */ = {isa = PBXBuildFile; fileRef = 34FE3879221628E500B29CDF /* CompanyTableViewCell.swift */; };
		34FE387D221638DD00B29CDF /* UIImageView.swift in Sources */ = {isa = PBXBuildFile; fileRef = 34FE387C221638DD00B29CDF /* UIImageView.swift */; };
		B5FFBC8B083A1A2F81B04467 /* Pods_Business_ClubTests.framework in Frameworks */ = {isa = PBXBuildFile; fileRef = 2F5653BEB796BFFE173C5664 /* Pods_Business_ClubTests.framework */; };
		C1A3266234A9A8B883BC58FE /* Pods_Business_Club.framework in Frameworks */ = {isa = PBXBuildFile; fileRef = 4E9DF536619119D7E5045718 /* Pods_Business_Club.framework */; };
/* End PBXBuildFile section */

/* Begin PBXContainerItemProxy section */
		34FE38592214A99F00B29CDF /* PBXContainerItemProxy */ = {
			isa = PBXContainerItemProxy;
			containerPortal = 34FE383C2214A99D00B29CDF /* Project object */;
			proxyType = 1;
			remoteGlobalIDString = 34FE38432214A99D00B29CDF;
			remoteInfo = "Business Club";
		};
/* End PBXContainerItemProxy section */

/* Begin PBXFileReference section */
		2F5653BEB796BFFE173C5664 /* Pods_Business_ClubTests.framework */ = {isa = PBXFileReference; explicitFileType = wrapper.framework; includeInIndex = 0; path = Pods_Business_ClubTests.framework; sourceTree = BUILT_PRODUCTS_DIR; };
		34FE38442214A99D00B29CDF /* Business Club.app */ = {isa = PBXFileReference; explicitFileType = wrapper.application; includeInIndex = 0; path = "Business Club.app"; sourceTree = BUILT_PRODUCTS_DIR; };
		34FE38472214A99D00B29CDF /* AppDelegate.swift */ = {isa = PBXFileReference; lastKnownFileType = sourcecode.swift; path = AppDelegate.swift; sourceTree = "<group>"; };
		34FE38492214A99D00B29CDF /* ViewController.swift */ = {isa = PBXFileReference; lastKnownFileType = sourcecode.swift; path = ViewController.swift; sourceTree = "<group>"; };
		34FE384C2214A99D00B29CDF /* Base */ = {isa = PBXFileReference; lastKnownFileType = file.storyboard; name = Base; path = Base.lproj/Main.storyboard; sourceTree = "<group>"; };
		34FE384E2214A99F00B29CDF /* Assets.xcassets */ = {isa = PBXFileReference; lastKnownFileType = folder.assetcatalog; path = Assets.xcassets; sourceTree = "<group>"; };
		34FE38512214A99F00B29CDF /* Base */ = {isa = PBXFileReference; lastKnownFileType = file.storyboard; name = Base; path = Base.lproj/LaunchScreen.storyboard; sourceTree = "<group>"; };
		34FE38532214A99F00B29CDF /* Info.plist */ = {isa = PBXFileReference; lastKnownFileType = text.plist.xml; path = Info.plist; sourceTree = "<group>"; };
		34FE38582214A99F00B29CDF /* Business ClubTests.xctest */ = {isa = PBXFileReference; explicitFileType = wrapper.cfbundle; includeInIndex = 0; path = "Business ClubTests.xctest"; sourceTree = BUILT_PRODUCTS_DIR; };
		34FE385C2214A99F00B29CDF /* Business_ClubTests.swift */ = {isa = PBXFileReference; lastKnownFileType = sourcecode.swift; path = Business_ClubTests.swift; sourceTree = "<group>"; };
		34FE385E2214A99F00B29CDF /* Info.plist */ = {isa = PBXFileReference; lastKnownFileType = text.plist.xml; path = Info.plist; sourceTree = "<group>"; };
		34FE38682214AB4900B29CDF /* Company.swift */ = {isa = PBXFileReference; lastKnownFileType = sourcecode.swift; path = Company.swift; sourceTree = "<group>"; };
		34FE386A2214AC1400B29CDF /* Member.swift */ = {isa = PBXFileReference; lastKnownFileType = sourcecode.swift; path = Member.swift; sourceTree = "<group>"; };
		34FE386D2214B1F900B29CDF /* APIProtocol.swift */ = {isa = PBXFileReference; lastKnownFileType = sourcecode.swift; path = APIProtocol.swift; sourceTree = "<group>"; };
		34FE386F2214B29B00B29CDF /* BusinessClubAPI.swift */ = {isa = PBXFileReference; lastKnownFileType = sourcecode.swift; path = BusinessClubAPI.swift; sourceTree = "<group>"; };
		34FE38732214B50100B29CDF /* NetworkManager.swift */ = {isa = PBXFileReference; lastKnownFileType = sourcecode.swift; path = NetworkManager.swift; sourceTree = "<group>"; };
		34FE38762216261300B29CDF /* CompaniesViewController.swift */ = {isa = PBXFileReference; lastKnownFileType = sourcecode.swift; path = CompaniesViewController.swift; sourceTree = "<group>"; };
		34FE3879221628E500B29CDF /* CompanyTableViewCell.swift */ = {isa = PBXFileReference; lastKnownFileType = sourcecode.swift; path = CompanyTableViewCell.swift; sourceTree = "<group>"; };
		34FE387C221638DD00B29CDF /* UIImageView.swift */ = {isa = PBXFileReference; lastKnownFileType = sourcecode.swift; path = UIImageView.swift; sourceTree = "<group>"; };
		4E9DF536619119D7E5045718 /* Pods_Business_Club.framework */ = {isa = PBXFileReference; explicitFileType = wrapper.framework; includeInIndex = 0; path = Pods_Business_Club.framework; sourceTree = BUILT_PRODUCTS_DIR; };
		60A2F4E85FE4E76978D3AFF1 /* Pods-Business ClubTests.debug.xcconfig */ = {isa = PBXFileReference; includeInIndex = 1; lastKnownFileType = text.xcconfig; name = "Pods-Business ClubTests.debug.xcconfig"; path = "Pods/Target Support Files/Pods-Business ClubTests/Pods-Business ClubTests.debug.xcconfig"; sourceTree = "<group>"; };
		7D87F4FE8BF3BB807F037B54 /* Pods-Business Club.release.xcconfig */ = {isa = PBXFileReference; includeInIndex = 1; lastKnownFileType = text.xcconfig; name = "Pods-Business Club.release.xcconfig"; path = "Pods/Target Support Files/Pods-Business Club/Pods-Business Club.release.xcconfig"; sourceTree = "<group>"; };
		BF54215EB29E8AE2D8FA1C4A /* Pods-Business Club.debug.xcconfig */ = {isa = PBXFileReference; includeInIndex = 1; lastKnownFileType = text.xcconfig; name = "Pods-Business Club.debug.xcconfig"; path = "Pods/Target Support Files/Pods-Business Club/Pods-Business Club.debug.xcconfig"; sourceTree = "<group>"; };
		E05ED6E126794A58690B0519 /* Pods-Business ClubTests.release.xcconfig */ = {isa = PBXFileReference; includeInIndex = 1; lastKnownFileType = text.xcconfig; name = "Pods-Business ClubTests.release.xcconfig"; path = "Pods/Target Support Files/Pods-Business ClubTests/Pods-Business ClubTests.release.xcconfig"; sourceTree = "<group>"; };
/* End PBXFileReference section */

/* Begin PBXFrameworksBuildPhase section */
		34FE38412214A99D00B29CDF /* Frameworks */ = {
			isa = PBXFrameworksBuildPhase;
			buildActionMask = 2147483647;
			files = (
				C1A3266234A9A8B883BC58FE /* Pods_Business_Club.framework in Frameworks */,
			);
			runOnlyForDeploymentPostprocessing = 0;
		};
		34FE38552214A99F00B29CDF /* Frameworks */ = {
			isa = PBXFrameworksBuildPhase;
			buildActionMask = 2147483647;
			files = (
				B5FFBC8B083A1A2F81B04467 /* Pods_Business_ClubTests.framework in Frameworks */,
			);
			runOnlyForDeploymentPostprocessing = 0;
		};
/* End PBXFrameworksBuildPhase section */

/* Begin PBXGroup section */
		34FE383B2214A99D00B29CDF = {
			isa = PBXGroup;
			children = (
				34FE38462214A99D00B29CDF /* Business Club */,
				34FE385B2214A99F00B29CDF /* Business ClubTests */,
				34FE38452214A99D00B29CDF /* Products */,
				5264AF192CDE406AC1B28874 /* Pods */,
				BEAC6D10EDF8F6A096FFD0EE /* Frameworks */,
			);
			sourceTree = "<group>";
		};
		34FE38452214A99D00B29CDF /* Products */ = {
			isa = PBXGroup;
			children = (
				34FE38442214A99D00B29CDF /* Business Club.app */,
				34FE38582214A99F00B29CDF /* Business ClubTests.xctest */,
			);
			name = Products;
			sourceTree = "<group>";
		};
		34FE38462214A99D00B29CDF /* Business Club */ = {
			isa = PBXGroup;
			children = (
				34FE386C2214B1DF00B29CDF /* Networking */,
				34FE38672214AB3800B29CDF /* Model */,
				34FE3878221628C600B29CDF /* View */,
				34FE3875221625E900B29CDF /* Controller */,
				34FE387B221638BC00B29CDF /* Extensions */,
				34FE38472214A99D00B29CDF /* AppDelegate.swift */,
				34FE38492214A99D00B29CDF /* ViewController.swift */,
				34FE384B2214A99D00B29CDF /* Main.storyboard */,
				34FE384E2214A99F00B29CDF /* Assets.xcassets */,
				34FE38502214A99F00B29CDF /* LaunchScreen.storyboard */,
				34FE38532214A99F00B29CDF /* Info.plist */,
			);
			path = "Business Club";
			sourceTree = "<group>";
		};
		34FE385B2214A99F00B29CDF /* Business ClubTests */ = {
			isa = PBXGroup;
			children = (
				34FE385C2214A99F00B29CDF /* Business_ClubTests.swift */,
				34FE385E2214A99F00B29CDF /* Info.plist */,
			);
			path = "Business ClubTests";
			sourceTree = "<group>";
		};
		34FE38672214AB3800B29CDF /* Model */ = {
			isa = PBXGroup;
			children = (
				34FE38682214AB4900B29CDF /* Company.swift */,
				34FE386A2214AC1400B29CDF /* Member.swift */,
			);
			path = Model;
			sourceTree = "<group>";
		};
		34FE386C2214B1DF00B29CDF /* Networking */ = {
			isa = PBXGroup;
			children = (
				34FE386D2214B1F900B29CDF /* APIProtocol.swift */,
				34FE386F2214B29B00B29CDF /* BusinessClubAPI.swift */,
				34FE38732214B50100B29CDF /* NetworkManager.swift */,
			);
			path = Networking;
			sourceTree = "<group>";
		};
		34FE3875221625E900B29CDF /* Controller */ = {
			isa = PBXGroup;
			children = (
				34FE38762216261300B29CDF /* CompaniesViewController.swift */,
			);
			path = Controller;
			sourceTree = "<group>";
		};
		34FE3878221628C600B29CDF /* View */ = {
			isa = PBXGroup;
			children = (
				34FE3879221628E500B29CDF /* CompanyTableViewCell.swift */,
			);
			path = View;
			sourceTree = "<group>";
		};
		34FE387B221638BC00B29CDF /* Extensions */ = {
			isa = PBXGroup;
			children = (
				34FE387C221638DD00B29CDF /* UIImageView.swift */,
			);
			path = Extensions;
			sourceTree = "<group>";
		};
		5264AF192CDE406AC1B28874 /* Pods */ = {
			isa = PBXGroup;
			children = (
				BF54215EB29E8AE2D8FA1C4A /* Pods-Business Club.debug.xcconfig */,
				7D87F4FE8BF3BB807F037B54 /* Pods-Business Club.release.xcconfig */,
				60A2F4E85FE4E76978D3AFF1 /* Pods-Business ClubTests.debug.xcconfig */,
				E05ED6E126794A58690B0519 /* Pods-Business ClubTests.release.xcconfig */,
			);
			name = Pods;
			sourceTree = "<group>";
		};
		BEAC6D10EDF8F6A096FFD0EE /* Frameworks */ = {
			isa = PBXGroup;
			children = (
				4E9DF536619119D7E5045718 /* Pods_Business_Club.framework */,
				2F5653BEB796BFFE173C5664 /* Pods_Business_ClubTests.framework */,
			);
			name = Frameworks;
			sourceTree = "<group>";
		};
/* End PBXGroup section */

/* Begin PBXNativeTarget section */
		34FE38432214A99D00B29CDF /* Business Club */ = {
			isa = PBXNativeTarget;
			buildConfigurationList = 34FE38612214A99F00B29CDF /* Build configuration list for PBXNativeTarget "Business Club" */;
			buildPhases = (
				0744337073F8550E92661673 /* [CP] Check Pods Manifest.lock */,
				34FE38402214A99D00B29CDF /* Sources */,
				34FE38412214A99D00B29CDF /* Frameworks */,
				34FE38422214A99D00B29CDF /* Resources */,
				C7B72AFEE2C8DD7AD9B7FC01 /* [CP] Embed Pods Frameworks */,
			);
			buildRules = (
			);
			dependencies = (
			);
			name = "Business Club";
			productName = "Business Club";
			productReference = 34FE38442214A99D00B29CDF /* Business Club.app */;
			productType = "com.apple.product-type.application";
		};
		34FE38572214A99F00B29CDF /* Business ClubTests */ = {
			isa = PBXNativeTarget;
			buildConfigurationList = 34FE38642214A99F00B29CDF /* Build configuration list for PBXNativeTarget "Business ClubTests" */;
			buildPhases = (
				2796B456C89A9D3F7A8C523D /* [CP] Check Pods Manifest.lock */,
				34FE38542214A99F00B29CDF /* Sources */,
				34FE38552214A99F00B29CDF /* Frameworks */,
				34FE38562214A99F00B29CDF /* Resources */,
			);
			buildRules = (
			);
			dependencies = (
				34FE385A2214A99F00B29CDF /* PBXTargetDependency */,
			);
			name = "Business ClubTests";
			productName = "Business ClubTests";
			productReference = 34FE38582214A99F00B29CDF /* Business ClubTests.xctest */;
			productType = "com.apple.product-type.bundle.unit-test";
		};
/* End PBXNativeTarget section */

/* Begin PBXProject section */
		34FE383C2214A99D00B29CDF /* Project object */ = {
			isa = PBXProject;
			attributes = {
				LastSwiftUpdateCheck = 1010;
				LastUpgradeCheck = 1010;
				ORGANIZATIONNAME = "Jerald Abille";
				TargetAttributes = {
					34FE38432214A99D00B29CDF = {
						CreatedOnToolsVersion = 10.1;
					};
					34FE38572214A99F00B29CDF = {
						CreatedOnToolsVersion = 10.1;
						TestTargetID = 34FE38432214A99D00B29CDF;
					};
				};
			};
			buildConfigurationList = 34FE383F2214A99D00B29CDF /* Build configuration list for PBXProject "Business Club" */;
			compatibilityVersion = "Xcode 9.3";
			developmentRegion = en;
			hasScannedForEncodings = 0;
			knownRegions = (
				en,
				Base,
			);
			mainGroup = 34FE383B2214A99D00B29CDF;
			productRefGroup = 34FE38452214A99D00B29CDF /* Products */;
			projectDirPath = "";
			projectRoot = "";
			targets = (
				34FE38432214A99D00B29CDF /* Business Club */,
				34FE38572214A99F00B29CDF /* Business ClubTests */,
			);
		};
/* End PBXProject section */

/* Begin PBXResourcesBuildPhase section */
		34FE38422214A99D00B29CDF /* Resources */ = {
			isa = PBXResourcesBuildPhase;
			buildActionMask = 2147483647;
			files = (
				34FE38522214A99F00B29CDF /* LaunchScreen.storyboard in Resources */,
				34FE384F2214A99F00B29CDF /* Assets.xcassets in Resources */,
				34FE384D2214A99D00B29CDF /* Main.storyboard in Resources */,
			);
			runOnlyForDeploymentPostprocessing = 0;
		};
		34FE38562214A99F00B29CDF /* Resources */ = {
			isa = PBXResourcesBuildPhase;
			buildActionMask = 2147483647;
			files = (
			);
			runOnlyForDeploymentPostprocessing = 0;
		};
/* End PBXResourcesBuildPhase section */

/* Begin PBXShellScriptBuildPhase section */
		0744337073F8550E92661673 /* [CP] Check Pods Manifest.lock */ = {
			isa = PBXShellScriptBuildPhase;
			buildActionMask = 2147483647;
			files = (
			);
			inputPaths = (
				"${PODS_PODFILE_DIR_PATH}/Podfile.lock",
				"${PODS_ROOT}/Manifest.lock",
			);
			name = "[CP] Check Pods Manifest.lock";
			outputPaths = (
				"$(DERIVED_FILE_DIR)/Pods-Business Club-checkManifestLockResult.txt",
			);
			runOnlyForDeploymentPostprocessing = 0;
			shellPath = /bin/sh;
			shellScript = "diff \"${PODS_PODFILE_DIR_PATH}/Podfile.lock\" \"${PODS_ROOT}/Manifest.lock\" > /dev/null\nif [ $? != 0 ] ; then\n    # print error to STDERR\n    echo \"error: The sandbox is not in sync with the Podfile.lock. Run 'pod install' or update your CocoaPods installation.\" >&2\n    exit 1\nfi\n# This output is used by Xcode 'outputs' to avoid re-running this script phase.\necho \"SUCCESS\" > \"${SCRIPT_OUTPUT_FILE_0}\"\n";
			showEnvVarsInLog = 0;
		};
		2796B456C89A9D3F7A8C523D /* [CP] Check Pods Manifest.lock */ = {
			isa = PBXShellScriptBuildPhase;
			buildActionMask = 2147483647;
			files = (
			);
			inputPaths = (
				"${PODS_PODFILE_DIR_PATH}/Podfile.lock",
				"${PODS_ROOT}/Manifest.lock",
			);
			name = "[CP] Check Pods Manifest.lock";
			outputPaths = (
				"$(DERIVED_FILE_DIR)/Pods-Business ClubTests-checkManifestLockResult.txt",
			);
			runOnlyForDeploymentPostprocessing = 0;
			shellPath = /bin/sh;
			shellScript = "diff \"${PODS_PODFILE_DIR_PATH}/Podfile.lock\" \"${PODS_ROOT}/Manifest.lock\" > /dev/null\nif [ $? != 0 ] ; then\n    # print error to STDERR\n    echo \"error: The sandbox is not in sync with the Podfile.lock. Run 'pod install' or update your CocoaPods installation.\" >&2\n    exit 1\nfi\n# This output is used by Xcode 'outputs' to avoid re-running this script phase.\necho \"SUCCESS\" > \"${SCRIPT_OUTPUT_FILE_0}\"\n";
			showEnvVarsInLog = 0;
		};
		C7B72AFEE2C8DD7AD9B7FC01 /* [CP] Embed Pods Frameworks */ = {
			isa = PBXShellScriptBuildPhase;
			buildActionMask = 2147483647;
			files = (
			);
			inputPaths = (
				"${SRCROOT}/Pods/Target Support Files/Pods-Business Club/Pods-Business Club-frameworks.sh",
				"${BUILT_PRODUCTS_DIR}/SVProgressHUD/SVProgressHUD.framework",
			);
			name = "[CP] Embed Pods Frameworks";
			outputPaths = (
				"${TARGET_BUILD_DIR}/${FRAMEWORKS_FOLDER_PATH}/SVProgressHUD.framework",
			);
			runOnlyForDeploymentPostprocessing = 0;
			shellPath = /bin/sh;
			shellScript = "\"${SRCROOT}/Pods/Target Support Files/Pods-Business Club/Pods-Business Club-frameworks.sh\"\n";
			showEnvVarsInLog = 0;
		};
/* End PBXShellScriptBuildPhase section */

/* Begin PBXSourcesBuildPhase section */
		34FE38402214A99D00B29CDF /* Sources */ = {
			isa = PBXSourcesBuildPhase;
			buildActionMask = 2147483647;
			files = (
				34FE384A2214A99D00B29CDF /* ViewController.swift in Sources */,
				34FE38482214A99D00B29CDF /* AppDelegate.swift in Sources */,
				34FE38702214B29B00B29CDF /* BusinessClubAPI.swift in Sources */,
				34FE38742214B50100B29CDF /* NetworkManager.swift in Sources */,
				34FE38692214AB4900B29CDF /* Company.swift in Sources */,
				34FE386E2214B1F900B29CDF /* APIProtocol.swift in Sources */,
				34FE387D221638DD00B29CDF /* UIImageView.swift in Sources */,
				34FE38772216261300B29CDF /* CompaniesViewController.swift in Sources */,
				34FE387A221628E500B29CDF /* CompanyTableViewCell.swift in Sources */,
				34FE386B2214AC1400B29CDF /* Member.swift in Sources */,
			);
			runOnlyForDeploymentPostprocessing = 0;
		};
		34FE38542214A99F00B29CDF /* Sources */ = {
			isa = PBXSourcesBuildPhase;
			buildActionMask = 2147483647;
			files = (
				34FE385D2214A99F00B29CDF /* Business_ClubTests.swift in Sources */,
			);
			runOnlyForDeploymentPostprocessing = 0;
		};
/* End PBXSourcesBuildPhase section */

/* Begin PBXTargetDependency section */
		34FE385A2214A99F00B29CDF /* PBXTargetDependency */ = {
			isa = PBXTargetDependency;
			target = 34FE38432214A99D00B29CDF /* Business Club */;
			targetProxy = 34FE38592214A99F00B29CDF /* PBXContainerItemProxy */;
		};
/* End PBXTargetDependency section */

/* Begin PBXVariantGroup section */
		34FE384B2214A99D00B29CDF /* Main.storyboard */ = {
			isa = PBXVariantGroup;
			children = (
				34FE384C2214A99D00B29CDF /* Base */,
			);
			name = Main.storyboard;
			sourceTree = "<group>";
		};
		34FE38502214A99F00B29CDF /* LaunchScreen.storyboard */ = {
			isa = PBXVariantGroup;
			children = (
				34FE38512214A99F00B29CDF /* Base */,
			);
			name = LaunchScreen.storyboard;
			sourceTree = "<group>";
		};
/* End PBXVariantGroup section */

/* Begin XCBuildConfiguration section */
		34FE385F2214A99F00B29CDF /* Debug */ = {
			isa = XCBuildConfiguration;
			buildSettings = {
				ALWAYS_SEARCH_USER_PATHS = NO;
				CLANG_ANALYZER_NONNULL = YES;
				CLANG_ANALYZER_NUMBER_OBJECT_CONVERSION = YES_AGGRESSIVE;
				CLANG_CXX_LANGUAGE_STANDARD = "gnu++14";
				CLANG_CXX_LIBRARY = "libc++";
				CLANG_ENABLE_MODULES = YES;
				CLANG_ENABLE_OBJC_ARC = YES;
				CLANG_ENABLE_OBJC_WEAK = YES;
				CLANG_WARN_BLOCK_CAPTURE_AUTORELEASING = YES;
				CLANG_WARN_BOOL_CONVERSION = YES;
				CLANG_WARN_COMMA = YES;
				CLANG_WARN_CONSTANT_CONVERSION = YES;
				CLANG_WARN_DEPRECATED_OBJC_IMPLEMENTATIONS = YES;
				CLANG_WARN_DIRECT_OBJC_ISA_USAGE = YES_ERROR;
				CLANG_WARN_DOCUMENTATION_COMMENTS = YES;
				CLANG_WARN_EMPTY_BODY = YES;
				CLANG_WARN_ENUM_CONVERSION = YES;
				CLANG_WARN_INFINITE_RECURSION = YES;
				CLANG_WARN_INT_CONVERSION = YES;
				CLANG_WARN_NON_LITERAL_NULL_CONVERSION = YES;
				CLANG_WARN_OBJC_IMPLICIT_RETAIN_SELF = YES;
				CLANG_WARN_OBJC_LITERAL_CONVERSION = YES;
				CLANG_WARN_OBJC_ROOT_CLASS = YES_ERROR;
				CLANG_WARN_RANGE_LOOP_ANALYSIS = YES;
				CLANG_WARN_STRICT_PROTOTYPES = YES;
				CLANG_WARN_SUSPICIOUS_MOVE = YES;
				CLANG_WARN_UNGUARDED_AVAILABILITY = YES_AGGRESSIVE;
				CLANG_WARN_UNREACHABLE_CODE = YES;
				CLANG_WARN__DUPLICATE_METHOD_MATCH = YES;
				CODE_SIGN_IDENTITY = "iPhone Developer";
				COPY_PHASE_STRIP = NO;
				DEBUG_INFORMATION_FORMAT = dwarf;
				ENABLE_STRICT_OBJC_MSGSEND = YES;
				ENABLE_TESTABILITY = YES;
				GCC_C_LANGUAGE_STANDARD = gnu11;
				GCC_DYNAMIC_NO_PIC = NO;
				GCC_NO_COMMON_BLOCKS = YES;
				GCC_OPTIMIZATION_LEVEL = 0;
				GCC_PREPROCESSOR_DEFINITIONS = (
					"DEBUG=1",
					"$(inherited)",
				);
				GCC_WARN_64_TO_32_BIT_CONVERSION = YES;
				GCC_WARN_ABOUT_RETURN_TYPE = YES_ERROR;
				GCC_WARN_UNDECLARED_SELECTOR = YES;
				GCC_WARN_UNINITIALIZED_AUTOS = YES_AGGRESSIVE;
				GCC_WARN_UNUSED_FUNCTION = YES;
				GCC_WARN_UNUSED_VARIABLE = YES;
				IPHONEOS_DEPLOYMENT_TARGET = 12.1;
				MTL_ENABLE_DEBUG_INFO = INCLUDE_SOURCE;
				MTL_FAST_MATH = YES;
				ONLY_ACTIVE_ARCH = YES;
				SDKROOT = iphoneos;
				SWIFT_ACTIVE_COMPILATION_CONDITIONS = DEBUG;
				SWIFT_OPTIMIZATION_LEVEL = "-Onone";
			};
			name = Debug;
		};
		34FE38602214A99F00B29CDF /* Release */ = {
			isa = XCBuildConfiguration;
			buildSettings = {
				ALWAYS_SEARCH_USER_PATHS = NO;
				CLANG_ANALYZER_NONNULL = YES;
				CLANG_ANALYZER_NUMBER_OBJECT_CONVERSION = YES_AGGRESSIVE;
				CLANG_CXX_LANGUAGE_STANDARD = "gnu++14";
				CLANG_CXX_LIBRARY = "libc++";
				CLANG_ENABLE_MODULES = YES;
				CLANG_ENABLE_OBJC_ARC = YES;
				CLANG_ENABLE_OBJC_WEAK = YES;
				CLANG_WARN_BLOCK_CAPTURE_AUTORELEASING = YES;
				CLANG_WARN_BOOL_CONVERSION = YES;
				CLANG_WARN_COMMA = YES;
				CLANG_WARN_CONSTANT_CONVERSION = YES;
				CLANG_WARN_DEPRECATED_OBJC_IMPLEMENTATIONS = YES;
				CLANG_WARN_DIRECT_OBJC_ISA_USAGE = YES_ERROR;
				CLANG_WARN_DOCUMENTATION_COMMENTS = YES;
				CLANG_WARN_EMPTY_BODY = YES;
				CLANG_WARN_ENUM_CONVERSION = YES;
				CLANG_WARN_INFINITE_RECURSION = YES;
				CLANG_WARN_INT_CONVERSION = YES;
				CLANG_WARN_NON_LITERAL_NULL_CONVERSION = YES;
				CLANG_WARN_OBJC_IMPLICIT_RETAIN_SELF = YES;
				CLANG_WARN_OBJC_LITERAL_CONVERSION = YES;
				CLANG_WARN_OBJC_ROOT_CLASS = YES_ERROR;
				CLANG_WARN_RANGE_LOOP_ANALYSIS = YES;
				CLANG_WARN_STRICT_PROTOTYPES = YES;
				CLANG_WARN_SUSPICIOUS_MOVE = YES;
				CLANG_WARN_UNGUARDED_AVAILABILITY = YES_AGGRESSIVE;
				CLANG_WARN_UNREACHABLE_CODE = YES;
				CLANG_WARN__DUPLICATE_METHOD_MATCH = YES;
				CODE_SIGN_IDENTITY = "iPhone Developer";
				COPY_PHASE_STRIP = NO;
				DEBUG_INFORMATION_FORMAT = "dwarf-with-dsym";
				ENABLE_NS_ASSERTIONS = NO;
				ENABLE_STRICT_OBJC_MSGSEND = YES;
				GCC_C_LANGUAGE_STANDARD = gnu11;
				GCC_NO_COMMON_BLOCKS = YES;
				GCC_WARN_64_TO_32_BIT_CONVERSION = YES;
				GCC_WARN_ABOUT_RETURN_TYPE = YES_ERROR;
				GCC_WARN_UNDECLARED_SELECTOR = YES;
				GCC_WARN_UNINITIALIZED_AUTOS = YES_AGGRESSIVE;
				GCC_WARN_UNUSED_FUNCTION = YES;
				GCC_WARN_UNUSED_VARIABLE = YES;
				IPHONEOS_DEPLOYMENT_TARGET = 12.1;
				MTL_ENABLE_DEBUG_INFO = NO;
				MTL_FAST_MATH = YES;
				SDKROOT = iphoneos;
				SWIFT_COMPILATION_MODE = wholemodule;
				SWIFT_OPTIMIZATION_LEVEL = "-O";
				VALIDATE_PRODUCT = YES;
			};
			name = Release;
		};
		34FE38622214A99F00B29CDF /* Debug */ = {
			isa = XCBuildConfiguration;
			baseConfigurationReference = BF54215EB29E8AE2D8FA1C4A /* Pods-Business Club.debug.xcconfig */;
			buildSettings = {
				ASSETCATALOG_COMPILER_APPICON_NAME = AppIcon;
				CODE_SIGN_STYLE = Automatic;
				DEVELOPMENT_TEAM = 6VJF35UZSF;
				INFOPLIST_FILE = "Business Club/Info.plist";
				IPHONEOS_DEPLOYMENT_TARGET = 11.0;
				LD_RUNPATH_SEARCH_PATHS = (
					"$(inherited)",
					"@executable_path/Frameworks",
				);
				PRODUCT_BUNDLE_IDENTIFIER = "com.thejeraldo.Business-Club";
				PRODUCT_NAME = "$(TARGET_NAME)";
				SWIFT_VERSION = 4.2;
				TARGETED_DEVICE_FAMILY = "1,2";
			};
			name = Debug;
		};
		34FE38632214A99F00B29CDF /* Release */ = {
			isa = XCBuildConfiguration;
			baseConfigurationReference = 7D87F4FE8BF3BB807F037B54 /* Pods-Business Club.release.xcconfig */;
			buildSettings = {
				ASSETCATALOG_COMPILER_APPICON_NAME = AppIcon;
				CODE_SIGN_STYLE = Automatic;
				DEVELOPMENT_TEAM = 6VJF35UZSF;
				INFOPLIST_FILE = "Business Club/Info.plist";
				IPHONEOS_DEPLOYMENT_TARGET = 11.0;
				LD_RUNPATH_SEARCH_PATHS = (
					"$(inherited)",
					"@executable_path/Frameworks",
				);
				PRODUCT_BUNDLE_IDENTIFIER = "com.thejeraldo.Business-Club";
				PRODUCT_NAME = "$(TARGET_NAME)";
				SWIFT_VERSION = 4.2;
				TARGETED_DEVICE_FAMILY = "1,2";
			};
			name = Release;
		};
		34FE38652214A99F00B29CDF /* Debug */ = {
			isa = XCBuildConfiguration;
			baseConfigurationReference = 60A2F4E85FE4E76978D3AFF1 /* Pods-Business ClubTests.debug.xcconfig */;
			buildSettings = {
				ALWAYS_EMBED_SWIFT_STANDARD_LIBRARIES = YES;
				BUNDLE_LOADER = "$(TEST_HOST)";
				CODE_SIGN_STYLE = Automatic;
				DEVELOPMENT_TEAM = 6VJF35UZSF;
				INFOPLIST_FILE = "Business ClubTests/Info.plist";
				LD_RUNPATH_SEARCH_PATHS = (
					"$(inherited)",
					"@executable_path/Frameworks",
					"@loader_path/Frameworks",
				);
				PRODUCT_BUNDLE_IDENTIFIER = "com.thejeraldo.Business-ClubTests";
				PRODUCT_NAME = "$(TARGET_NAME)";
				SWIFT_VERSION = 4.2;
				TARGETED_DEVICE_FAMILY = "1,2";
				TEST_HOST = "$(BUILT_PRODUCTS_DIR)/Business Club.app/Business Club";
			};
			name = Debug;
		};
		34FE38662214A99F00B29CDF /* Release */ = {
			isa = XCBuildConfiguration;
			baseConfigurationReference = E05ED6E126794A58690B0519 /* Pods-Business ClubTests.release.xcconfig */;
			buildSettings = {
				ALWAYS_EMBED_SWIFT_STANDARD_LIBRARIES = YES;
				BUNDLE_LOADER = "$(TEST_HOST)";
				CODE_SIGN_STYLE = Automatic;
				DEVELOPMENT_TEAM = 6VJF35UZSF;
				INFOPLIST_FILE = "Business ClubTests/Info.plist";
				LD_RUNPATH_SEARCH_PATHS = (
					"$(inherited)",
					"@executable_path/Frameworks",
					"@loader_path/Frameworks",
				);
				PRODUCT_BUNDLE_IDENTIFIER = "com.thejeraldo.Business-ClubTests";
				PRODUCT_NAME = "$(TARGET_NAME)";
				SWIFT_VERSION = 4.2;
				TARGETED_DEVICE_FAMILY = "1,2";
				TEST_HOST = "$(BUILT_PRODUCTS_DIR)/Business Club.app/Business Club";
			};
			name = Release;
		};
/* End XCBuildConfiguration section */

/* Begin XCConfigurationList section */
		34FE383F2214A99D00B29CDF /* Build configuration list for PBXProject "Business Club" */ = {
			isa = XCConfigurationList;
			buildConfigurations = (
				34FE385F2214A99F00B29CDF /* Debug */,
				34FE38602214A99F00B29CDF /* Release */,
			);
			defaultConfigurationIsVisible = 0;
			defaultConfigurationName = Release;
		};
		34FE38612214A99F00B29CDF /* Build configuration list for PBXNativeTarget "Business Club" */ = {
			isa = XCConfigurationList;
			buildConfigurations = (
				34FE38622214A99F00B29CDF /* Debug */,
				34FE38632214A99F00B29CDF /* Release */,
			);
			defaultConfigurationIsVisible = 0;
			defaultConfigurationName = Release;
		};
		34FE38642214A99F00B29CDF /* Build configuration list for PBXNativeTarget "Business ClubTests" */ = {
			isa = XCConfigurationList;
			buildConfigurations = (
				34FE38652214A99F00B29CDF /* Debug */,
				34FE38662214A99F00B29CDF /* Release */,
			);
			defaultConfigurationIsVisible = 0;
			defaultConfigurationName = Release;
		};
/* End XCConfigurationList section */
	};
	rootObject = 34FE383C2214A99D00B29CDF /* Project object */;
}
